
Microsoft Visual Studio Solution File, Format Version 12.00
# Visual Studio Version 16
VisualStudioVersion = 16.0.30523.141
MinimumVisualStudioVersion = 10.0.40219.1
Project("{FAE04EC0-301F-11D3-BF4B-00C04F79EFBC}") = "fibonacci", "fibonacci.csproj", "{323F1A05-4326-4175-8480-DE11B6797BE8}"
EndProject
Global
	GlobalSection(SolutionConfigurationPlatforms) = preSolution
		Debug|Any CPU = Debug|Any CPU
		Release|Any CPU = Release|Any CPU
	EndGlobalSection
	GlobalSection(ProjectConfigurationPlatforms) = postSolution
		{323F1A05-4326-4175-8480-DE11B6797BE8}.Debug|Any CPU.ActiveCfg = Debug|Any CPU
		{323F1A05-4326-4175-8480-DE11B6797BE8}.Debug|Any CPU.Build.0 = Debug|Any CPU
		{323F1A05-4326-4175-8480-DE11B6797BE8}.Release|Any CPU.ActiveCfg = Release|Any CPU
		{323F1A05-4326-4175-8480-DE11B6797BE8}.Release|Any CPU.Build.0 = Release|Any CPU
	EndGlobalSection
	GlobalSection(SolutionProperties) = preSolution
		HideSolutionNode = FALSE
	EndGlobalSection
	GlobalSection(ExtensibilityGlobals) = postSolution
		SolutionGuid = {847B496D-4CC8-487D-B03C-CDF41EB315E3}
	EndGlobalSection
EndGlobal
